
Microsoft Visual Studio Solution File, Format Version 12.00
# Visual Studio 14
VisualStudioVersion = 14.0.24720.0
MinimumVisualStudioVersion = 10.0.40219.1
Project("{FAE04EC0-301F-11D3-BF4B-00C04F79EFBC}") = "ECFLight", "ECFLight\ECFLight.csproj", "{1281E353-3B59-4E76-8113-78117DC383B0}"
EndProject
Project("{FAE04EC0-301F-11D3-BF4B-00C04F79EFBC}") = "ECFLight3_Server", "ECFLight3_Server\ECFLight3_Server.csproj", "{CDDEEC47-ECAD-4EE3-BD43-B3D5C0621FFA}"
EndProject
Project("{2150E333-8FDC-42A3-9474-1A3956D46DE8}") = "Data", "Data", "{63837B06-0114-4462-ACD1-E56CCDADADF3}"
EndProject
Project("{FAE04EC0-301F-11D3-BF4B-00C04F79EFBC}") = "DataAccessObject", "DataAccessObject\DataAccessObject.csproj", "{C2408ECA-8452-4B7F-86E9-F620FC246908}"
EndProject
Project("{FAE04EC0-301F-11D3-BF4B-00C04F79EFBC}") = "BusinessLogics", "BusinessLogics\BusinessLogics.csproj", "{352D6231-62DA-4060-88C3-9DA9F328C9E8}"
EndProject
Global
	GlobalSection(SolutionConfigurationPlatforms) = preSolution
		Debug|Any CPU = Debug|Any CPU
		Release|Any CPU = Release|Any CPU
	EndGlobalSection
	GlobalSection(ProjectConfigurationPlatforms) = postSolution
		{1281E353-3B59-4E76-8113-78117DC383B0}.Debug|Any CPU.ActiveCfg = Debug|Any CPU
		{1281E353-3B59-4E76-8113-78117DC383B0}.Debug|Any CPU.Build.0 = Debug|Any CPU
		{1281E353-3B59-4E76-8113-78117DC383B0}.Release|Any CPU.ActiveCfg = Release|Any CPU
		{1281E353-3B59-4E76-8113-78117DC383B0}.Release|Any CPU.Build.0 = Release|Any CPU
		{CDDEEC47-ECAD-4EE3-BD43-B3D5C0621FFA}.Debug|Any CPU.ActiveCfg = Debug|Any CPU
		{CDDEEC47-ECAD-4EE3-BD43-B3D5C0621FFA}.Debug|Any CPU.Build.0 = Debug|Any CPU
		{CDDEEC47-ECAD-4EE3-BD43-B3D5C0621FFA}.Release|Any CPU.ActiveCfg = Release|Any CPU
		{CDDEEC47-ECAD-4EE3-BD43-B3D5C0621FFA}.Release|Any CPU.Build.0 = Release|Any CPU
		{C2408ECA-8452-4B7F-86E9-F620FC246908}.Debug|Any CPU.ActiveCfg = Debug|Any CPU
		{C2408ECA-8452-4B7F-86E9-F620FC246908}.Debug|Any CPU.Build.0 = Debug|Any CPU
		{C2408ECA-8452-4B7F-86E9-F620FC246908}.Release|Any CPU.ActiveCfg = Release|Any CPU
		{C2408ECA-8452-4B7F-86E9-F620FC246908}.Release|Any CPU.Build.0 = Release|Any CPU
		{352D6231-62DA-4060-88C3-9DA9F328C9E8}.Debug|Any CPU.ActiveCfg = Debug|Any CPU
		{352D6231-62DA-4060-88C3-9DA9F328C9E8}.Debug|Any CPU.Build.0 = Debug|Any CPU
		{352D6231-62DA-4060-88C3-9DA9F328C9E8}.Release|Any CPU.ActiveCfg = Release|Any CPU
		{352D6231-62DA-4060-88C3-9DA9F328C9E8}.Release|Any CPU.Build.0 = Release|Any CPU
	EndGlobalSection
	GlobalSection(SolutionProperties) = preSolution
		HideSolutionNode = FALSE
	EndGlobalSection
EndGlobal
